
Microsoft Visual Studio Solution File, Format Version 12.00
Project("{FAE04EC0-301F-11D3-BF4B-00C04F79EFBC}") = "MediatingApis", "MediatingApis\MediatingApis.csproj", "{B601C50A-B06F-4D86-BB4E-A8F28EE082B4}"
EndProject
Global
	GlobalSection(SolutionConfigurationPlatforms) = preSolution
		Debug|Any CPU = Debug|Any CPU
		Release|Any CPU = Release|Any CPU
	EndGlobalSection
	GlobalSection(ProjectConfigurationPlatforms) = postSolution
		{B601C50A-B06F-4D86-BB4E-A8F28EE082B4}.Debug|Any CPU.ActiveCfg = Debug|Any CPU
		{B601C50A-B06F-4D86-BB4E-A8F28EE082B4}.Debug|Any CPU.Build.0 = Debug|Any CPU
		{B601C50A-B06F-4D86-BB4E-A8F28EE082B4}.Release|Any CPU.ActiveCfg = Release|Any CPU
		{B601C50A-B06F-4D86-BB4E-A8F28EE082B4}.Release|Any CPU.Build.0 = Release|Any CPU
	EndGlobalSection
EndGlobal
